// !$*UTF8*$!
{
	archiveVersion = 1;
	classes = {
	};
	objectVersion = 56;
	objects = {

/* Begin PBXBuildFile section */
		E82020972A78148C003E5ACA /* AppDelegate.swift in Sources */ = {isa = PBXBuildFile; fileRef = E82020962A78148C003E5ACA /* AppDelegate.swift */; };
		E82020992A78148C003E5ACA /* SceneDelegate.swift in Sources */ = {isa = PBXBuildFile; fileRef = E82020982A78148C003E5ACA /* SceneDelegate.swift */; };
		E820209B2A78148C003E5ACA /* Anasayfa.swift in Sources */ = {isa = PBXBuildFile; fileRef = E820209A2A78148C003E5ACA /* Anasayfa.swift */; };
		E820209E2A78148C003E5ACA /* Main.storyboard in Resources */ = {isa = PBXBuildFile; fileRef = E820209C2A78148C003E5ACA /* Main.storyboard */; };
		E82020A02A78148E003E5ACA /* Assets.xcassets in Resources */ = {isa = PBXBuildFile; fileRef = E820209F2A78148E003E5ACA /* Assets.xcassets */; };
		E82020A32A78148E003E5ACA /* LaunchScreen.storyboard in Resources */ = {isa = PBXBuildFile; fileRef = E82020A12A78148E003E5ACA /* LaunchScreen.storyboard */; };
		E82020AE2A78148E003E5ACA /* ContactsApplicationTests.swift in Sources */ = {isa = PBXBuildFile; fileRef = E82020AD2A78148E003E5ACA /* ContactsApplicationTests.swift */; };
		E82020B82A78148E003E5ACA /* ContactsApplicationUITests.swift in Sources */ = {isa = PBXBuildFile; fileRef = E82020B72A78148E003E5ACA /* ContactsApplicationUITests.swift */; };
		E82020BA2A78148E003E5ACA /* ContactsApplicationUITestsLaunchTests.swift in Sources */ = {isa = PBXBuildFile; fileRef = E82020B92A78148E003E5ACA /* ContactsApplicationUITestsLaunchTests.swift */; };
		E82020CB2A781B06003E5ACA /* KisiKayit.swift in Sources */ = {isa = PBXBuildFile; fileRef = E82020CA2A781B06003E5ACA /* KisiKayit.swift */; };
		E82020CD2A781B2C003E5ACA /* KisiDetay.swift in Sources */ = {isa = PBXBuildFile; fileRef = E82020CC2A781B2C003E5ACA /* KisiDetay.swift */; };
		E82020CF2A78304F003E5ACA /* Kisiler.swift in Sources */ = {isa = PBXBuildFile; fileRef = E82020CE2A78304F003E5ACA /* Kisiler.swift */; };
		E8229B482A7C1036009EDEB1 /* KisilerHucre.swift in Sources */ = {isa = PBXBuildFile; fileRef = E8229B472A7C1036009EDEB1 /* KisilerHucre.swift */; };
		E85D06542A8542BE0044C6C3 /* RxSwift in Frameworks */ = {isa = PBXBuildFile; productRef = E85D06532A8542BE0044C6C3 /* RxSwift */; };
		E85D06572A8543B00044C6C3 /* KisilerDaoRepository.swift in Sources */ = {isa = PBXBuildFile; fileRef = E85D06562A8543B00044C6C3 /* KisilerDaoRepository.swift */; };
		E85D065A2A8544090044C6C3 /* AnasayfaViewModel.swift in Sources */ = {isa = PBXBuildFile; fileRef = E85D06592A8544090044C6C3 /* AnasayfaViewModel.swift */; };
		E85D065C2A85443D0044C6C3 /* KisiKayitViewModel.swift in Sources */ = {isa = PBXBuildFile; fileRef = E85D065B2A85443D0044C6C3 /* KisiKayitViewModel.swift */; };
		E85D065E2A85444D0044C6C3 /* KisiDetayViewModel.swift in Sources */ = {isa = PBXBuildFile; fileRef = E85D065D2A85444D0044C6C3 /* KisiDetayViewModel.swift */; };
		E8FB87BF2A8A8BA700178AE5 /* FMResultSet.m in Sources */ = {isa = PBXBuildFile; fileRef = E8FB87B42A8A8BA400178AE5 /* FMResultSet.m */; };
		E8FB87C02A8A8BA700178AE5 /* FMDatabaseAdditions.m in Sources */ = {isa = PBXBuildFile; fileRef = E8FB87B62A8A8BA500178AE5 /* FMDatabaseAdditions.m */; };
		E8FB87C12A8A8BA700178AE5 /* FMDatabase.m in Sources */ = {isa = PBXBuildFile; fileRef = E8FB87B72A8A8BA500178AE5 /* FMDatabase.m */; };
		E8FB87C22A8A8BA700178AE5 /* FMDatabasePool.m in Sources */ = {isa = PBXBuildFile; fileRef = E8FB87B92A8A8BA500178AE5 /* FMDatabasePool.m */; };
		E8FB87C32A8A8BA700178AE5 /* FMDatabaseQueue.m in Sources */ = {isa = PBXBuildFile; fileRef = E8FB87BA2A8A8BA600178AE5 /* FMDatabaseQueue.m */; };
		E8FB87CB2A8A959300178AE5 /* rehber.sqlite in Resources */ = {isa = PBXBuildFile; fileRef = E8FB87CA2A8A959300178AE5 /* rehber.sqlite */; };
/* End PBXBuildFile section */

/* Begin PBXContainerItemProxy section */
		E82020AA2A78148E003E5ACA /* PBXContainerItemProxy */ = {
			isa = PBXContainerItemProxy;
			containerPortal = E820208B2A78148C003E5ACA /* Project object */;
			proxyType = 1;
			remoteGlobalIDString = E82020922A78148C003E5ACA;
			remoteInfo = ContactsApplication;
		};
		E82020B42A78148E003E5ACA /* PBXContainerItemProxy */ = {
			isa = PBXContainerItemProxy;
			containerPortal = E820208B2A78148C003E5ACA /* Project object */;
			proxyType = 1;
			remoteGlobalIDString = E82020922A78148C003E5ACA;
			remoteInfo = ContactsApplication;
		};
/* End PBXContainerItemProxy section */

/* Begin PBXFileReference section */
		E82020932A78148C003E5ACA /* ContactsApplication.app */ = {isa = PBXFileReference; explicitFileType = wrapper.application; includeInIndex = 0; path = ContactsApplication.app; sourceTree = BUILT_PRODUCTS_DIR; };
		E82020962A78148C003E5ACA /* AppDelegate.swift */ = {isa = PBXFileReference; lastKnownFileType = sourcecode.swift; path = AppDelegate.swift; sourceTree = "<group>"; };
		E82020982A78148C003E5ACA /* SceneDelegate.swift */ = {isa = PBXFileReference; lastKnownFileType = sourcecode.swift; path = SceneDelegate.swift; sourceTree = "<group>"; };
		E820209A2A78148C003E5ACA /* Anasayfa.swift */ = {isa = PBXFileReference; lastKnownFileType = sourcecode.swift; path = Anasayfa.swift; sourceTree = "<group>"; };
		E820209D2A78148C003E5ACA /* Base */ = {isa = PBXFileReference; lastKnownFileType = file.storyboard; name = Base; path = Base.lproj/Main.storyboard; sourceTree = "<group>"; };
		E820209F2A78148E003E5ACA /* Assets.xcassets */ = {isa = PBXFileReference; lastKnownFileType = folder.assetcatalog; path = Assets.xcassets; sourceTree = "<group>"; };
		E82020A22A78148E003E5ACA /* Base */ = {isa = PBXFileReference; lastKnownFileType = file.storyboard; name = Base; path = Base.lproj/LaunchScreen.storyboard; sourceTree = "<group>"; };
		E82020A42A78148E003E5ACA /* Info.plist */ = {isa = PBXFileReference; lastKnownFileType = text.plist.xml; path = Info.plist; sourceTree = "<group>"; };
		E82020A92A78148E003E5ACA /* ContactsApplicationTests.xctest */ = {isa = PBXFileReference; explicitFileType = wrapper.cfbundle; includeInIndex = 0; path = ContactsApplicationTests.xctest; sourceTree = BUILT_PRODUCTS_DIR; };
		E82020AD2A78148E003E5ACA /* ContactsApplicationTests.swift */ = {isa = PBXFileReference; lastKnownFileType = sourcecode.swift; path = ContactsApplicationTests.swift; sourceTree = "<group>"; };
		E82020B32A78148E003E5ACA /* ContactsApplicationUITests.xctest */ = {isa = PBXFileReference; explicitFileType = wrapper.cfbundle; includeInIndex = 0; path = ContactsApplicationUITests.xctest; sourceTree = BUILT_PRODUCTS_DIR; };
		E82020B72A78148E003E5ACA /* ContactsApplicationUITests.swift */ = {isa = PBXFileReference; lastKnownFileType = sourcecode.swift; path = ContactsApplicationUITests.swift; sourceTree = "<group>"; };
		E82020B92A78148E003E5ACA /* ContactsApplicationUITestsLaunchTests.swift */ = {isa = PBXFileReference; lastKnownFileType = sourcecode.swift; path = ContactsApplicationUITestsLaunchTests.swift; sourceTree = "<group>"; };
		E82020CA2A781B06003E5ACA /* KisiKayit.swift */ = {isa = PBXFileReference; lastKnownFileType = sourcecode.swift; path = KisiKayit.swift; sourceTree = "<group>"; };
		E82020CC2A781B2C003E5ACA /* KisiDetay.swift */ = {isa = PBXFileReference; lastKnownFileType = sourcecode.swift; path = KisiDetay.swift; sourceTree = "<group>"; };
		E82020CE2A78304F003E5ACA /* Kisiler.swift */ = {isa = PBXFileReference; lastKnownFileType = sourcecode.swift; path = Kisiler.swift; sourceTree = "<group>"; };
		E8229B472A7C1036009EDEB1 /* KisilerHucre.swift */ = {isa = PBXFileReference; lastKnownFileType = sourcecode.swift; path = KisilerHucre.swift; sourceTree = "<group>"; };
		E85D06562A8543B00044C6C3 /* KisilerDaoRepository.swift */ = {isa = PBXFileReference; lastKnownFileType = sourcecode.swift; path = KisilerDaoRepository.swift; sourceTree = "<group>"; };
		E85D06592A8544090044C6C3 /* AnasayfaViewModel.swift */ = {isa = PBXFileReference; lastKnownFileType = sourcecode.swift; path = AnasayfaViewModel.swift; sourceTree = "<group>"; };
		E85D065B2A85443D0044C6C3 /* KisiKayitViewModel.swift */ = {isa = PBXFileReference; lastKnownFileType = sourcecode.swift; path = KisiKayitViewModel.swift; sourceTree = "<group>"; };
		E85D065D2A85444D0044C6C3 /* KisiDetayViewModel.swift */ = {isa = PBXFileReference; lastKnownFileType = sourcecode.swift; path = KisiDetayViewModel.swift; sourceTree = "<group>"; };
		E8FB87B22A8A8B2B00178AE5 /* libsqlite3.tbd */ = {isa = PBXFileReference; lastKnownFileType = "sourcecode.text-based-dylib-definition"; name = libsqlite3.tbd; path = usr/lib/libsqlite3.tbd; sourceTree = SDKROOT; };
		E8FB87B32A8A8BA400178AE5 /* ContactsApplication-Bridging-Header.h */ = {isa = PBXFileReference; lastKnownFileType = sourcecode.c.h; path = "ContactsApplication-Bridging-Header.h"; sourceTree = "<group>"; };
		E8FB87B42A8A8BA400178AE5 /* FMResultSet.m */ = {isa = PBXFileReference; fileEncoding = 4; lastKnownFileType = sourcecode.c.objc; path = FMResultSet.m; sourceTree = "<group>"; };
		E8FB87B52A8A8BA400178AE5 /* FMDatabasePool.h */ = {isa = PBXFileReference; fileEncoding = 4; lastKnownFileType = sourcecode.c.h; path = FMDatabasePool.h; sourceTree = "<group>"; };
		E8FB87B62A8A8BA500178AE5 /* FMDatabaseAdditions.m */ = {isa = PBXFileReference; fileEncoding = 4; lastKnownFileType = sourcecode.c.objc; path = FMDatabaseAdditions.m; sourceTree = "<group>"; };
		E8FB87B72A8A8BA500178AE5 /* FMDatabase.m */ = {isa = PBXFileReference; fileEncoding = 4; lastKnownFileType = sourcecode.c.objc; path = FMDatabase.m; sourceTree = "<group>"; };
		E8FB87B82A8A8BA500178AE5 /* FMDatabaseAdditions.h */ = {isa = PBXFileReference; fileEncoding = 4; lastKnownFileType = sourcecode.c.h; path = FMDatabaseAdditions.h; sourceTree = "<group>"; };
		E8FB87B92A8A8BA500178AE5 /* FMDatabasePool.m */ = {isa = PBXFileReference; fileEncoding = 4; lastKnownFileType = sourcecode.c.objc; path = FMDatabasePool.m; sourceTree = "<group>"; };
		E8FB87BA2A8A8BA600178AE5 /* FMDatabaseQueue.m */ = {isa = PBXFileReference; fileEncoding = 4; lastKnownFileType = sourcecode.c.objc; path = FMDatabaseQueue.m; sourceTree = "<group>"; };
		E8FB87BB2A8A8BA600178AE5 /* FMResultSet.h */ = {isa = PBXFileReference; fileEncoding = 4; lastKnownFileType = sourcecode.c.h; path = FMResultSet.h; sourceTree = "<group>"; };
		E8FB87BC2A8A8BA600178AE5 /* FMDatabase.h */ = {isa = PBXFileReference; fileEncoding = 4; lastKnownFileType = sourcecode.c.h; path = FMDatabase.h; sourceTree = "<group>"; };
		E8FB87BD2A8A8BA600178AE5 /* FMDatabaseQueue.h */ = {isa = PBXFileReference; fileEncoding = 4; lastKnownFileType = sourcecode.c.h; path = FMDatabaseQueue.h; sourceTree = "<group>"; };
		E8FB87BE2A8A8BA600178AE5 /* FMDB.h */ = {isa = PBXFileReference; fileEncoding = 4; lastKnownFileType = sourcecode.c.h; path = FMDB.h; sourceTree = "<group>"; };
		E8FB87CA2A8A959300178AE5 /* rehber.sqlite */ = {isa = PBXFileReference; lastKnownFileType = file; name = rehber.sqlite; path = ../../rehber.sqlite; sourceTree = "<group>"; };
/* End PBXFileReference section */

/* Begin PBXFrameworksBuildPhase section */
		E82020902A78148C003E5ACA /* Frameworks */ = {
			isa = PBXFrameworksBuildPhase;
			buildActionMask = 2147483647;
			files = (
				E85D06542A8542BE0044C6C3 /* RxSwift in Frameworks */,
			);
			runOnlyForDeploymentPostprocessing = 0;
		};
		E82020A62A78148E003E5ACA /* Frameworks */ = {
			isa = PBXFrameworksBuildPhase;
			buildActionMask = 2147483647;
			files = (
			);
			runOnlyForDeploymentPostprocessing = 0;
		};
		E82020B02A78148E003E5ACA /* Frameworks */ = {
			isa = PBXFrameworksBuildPhase;
			buildActionMask = 2147483647;
			files = (
			);
			runOnlyForDeploymentPostprocessing = 0;
		};
/* End PBXFrameworksBuildPhase section */

/* Begin PBXGroup section */
		E820208A2A78148C003E5ACA = {
			isa = PBXGroup;
			children = (
				E82020952A78148C003E5ACA /* ContactsApplication */,
				E82020AC2A78148E003E5ACA /* ContactsApplicationTests */,
				E82020B62A78148E003E5ACA /* ContactsApplicationUITests */,
				E82020942A78148C003E5ACA /* Products */,
				E8FB87B12A8A8B2B00178AE5 /* Frameworks */,
			);
			sourceTree = "<group>";
		};
		E82020942A78148C003E5ACA /* Products */ = {
			isa = PBXGroup;
			children = (
				E82020932A78148C003E5ACA /* ContactsApplication.app */,
				E82020A92A78148E003E5ACA /* ContactsApplicationTests.xctest */,
				E82020B32A78148E003E5ACA /* ContactsApplicationUITests.xctest */,
			);
			name = Products;
			sourceTree = "<group>";
		};
		E82020952A78148C003E5ACA /* ContactsApplication */ = {
			isa = PBXGroup;
			children = (
				E82020962A78148C003E5ACA /* AppDelegate.swift */,
				E82020982A78148C003E5ACA /* SceneDelegate.swift */,
				E82020C72A781610003E5ACA /* ui */,
				E82020C62A7815FD003E5ACA /* data */,
				E820209C2A78148C003E5ACA /* Main.storyboard */,
				E820209F2A78148E003E5ACA /* Assets.xcassets */,
				E82020A12A78148E003E5ACA /* LaunchScreen.storyboard */,
				E82020A42A78148E003E5ACA /* Info.plist */,
				E8FB87CA2A8A959300178AE5 /* rehber.sqlite */,
				E8FB87BC2A8A8BA600178AE5 /* FMDatabase.h */,
				E8FB87B72A8A8BA500178AE5 /* FMDatabase.m */,
				E8FB87B82A8A8BA500178AE5 /* FMDatabaseAdditions.h */,
				E8FB87B62A8A8BA500178AE5 /* FMDatabaseAdditions.m */,
				E8FB87B52A8A8BA400178AE5 /* FMDatabasePool.h */,
				E8FB87B92A8A8BA500178AE5 /* FMDatabasePool.m */,
				E8FB87BD2A8A8BA600178AE5 /* FMDatabaseQueue.h */,
				E8FB87BA2A8A8BA600178AE5 /* FMDatabaseQueue.m */,
				E8FB87BE2A8A8BA600178AE5 /* FMDB.h */,
				E8FB87BB2A8A8BA600178AE5 /* FMResultSet.h */,
				E8FB87B42A8A8BA400178AE5 /* FMResultSet.m */,
				E8FB87B32A8A8BA400178AE5 /* ContactsApplication-Bridging-Header.h */,
			);
			path = ContactsApplication;
			sourceTree = "<group>";
		};
		E82020AC2A78148E003E5ACA /* ContactsApplicationTests */ = {
			isa = PBXGroup;
			children = (
				E82020AD2A78148E003E5ACA /* ContactsApplicationTests.swift */,
			);
			path = ContactsApplicationTests;
			sourceTree = "<group>";
		};
		E82020B62A78148E003E5ACA /* ContactsApplicationUITests */ = {
			isa = PBXGroup;
			children = (
				E82020B72A78148E003E5ACA /* ContactsApplicationUITests.swift */,
				E82020B92A78148E003E5ACA /* ContactsApplicationUITestsLaunchTests.swift */,
			);
			path = ContactsApplicationUITests;
			sourceTree = "<group>";
		};
		E82020C62A7815FD003E5ACA /* data */ = {
			isa = PBXGroup;
			children = (
				E85D06552A8543840044C6C3 /* repo */,
				E82020C92A78164A003E5ACA /* entity */,
			);
			path = data;
			sourceTree = "<group>";
		};
		E82020C72A781610003E5ACA /* ui */ = {
			isa = PBXGroup;
			children = (
				E85D06582A8543E10044C6C3 /* viewmodel */,
				E8229B462A7C0FD5009EDEB1 /* tableview */,
				E82020C82A781638003E5ACA /* views */,
			);
			path = ui;
			sourceTree = "<group>";
		};
		E82020C82A781638003E5ACA /* views */ = {
			isa = PBXGroup;
			children = (
				E820209A2A78148C003E5ACA /* Anasayfa.swift */,
				E82020CA2A781B06003E5ACA /* KisiKayit.swift */,
				E82020CC2A781B2C003E5ACA /* KisiDetay.swift */,
			);
			path = views;
			sourceTree = "<group>";
		};
		E82020C92A78164A003E5ACA /* entity */ = {
			isa = PBXGroup;
			children = (
				E82020CE2A78304F003E5ACA /* Kisiler.swift */,
			);
			path = entity;
			sourceTree = "<group>";
		};
		E8229B462A7C0FD5009EDEB1 /* tableview */ = {
			isa = PBXGroup;
			children = (
				E8229B472A7C1036009EDEB1 /* KisilerHucre.swift */,
			);
			path = tableview;
			sourceTree = "<group>";
		};
		E85D06552A8543840044C6C3 /* repo */ = {
			isa = PBXGroup;
			children = (
				E85D06562A8543B00044C6C3 /* KisilerDaoRepository.swift */,
			);
			path = repo;
			sourceTree = "<group>";
		};
		E85D06582A8543E10044C6C3 /* viewmodel */ = {
			isa = PBXGroup;
			children = (
				E85D06592A8544090044C6C3 /* AnasayfaViewModel.swift */,
				E85D065B2A85443D0044C6C3 /* KisiKayitViewModel.swift */,
				E85D065D2A85444D0044C6C3 /* KisiDetayViewModel.swift */,
			);
			path = viewmodel;
			sourceTree = "<group>";
		};
		E8FB87B12A8A8B2B00178AE5 /* Frameworks */ = {
			isa = PBXGroup;
			children = (
				E8FB87B22A8A8B2B00178AE5 /* libsqlite3.tbd */,
			);
			name = Frameworks;
			sourceTree = "<group>";
		};
/* End PBXGroup section */

/* Begin PBXNativeTarget section */
		E82020922A78148C003E5ACA /* ContactsApplication */ = {
			isa = PBXNativeTarget;
			buildConfigurationList = E82020BD2A78148E003E5ACA /* Build configuration list for PBXNativeTarget "ContactsApplication" */;
			buildPhases = (
				E820208F2A78148C003E5ACA /* Sources */,
				E82020902A78148C003E5ACA /* Frameworks */,
				E82020912A78148C003E5ACA /* Resources */,
			);
			buildRules = (
			);
			dependencies = (
			);
			name = ContactsApplication;
			packageProductDependencies = (
				E85D06532A8542BE0044C6C3 /* RxSwift */,
			);
			productName = ContactsApplication;
			productReference = E82020932A78148C003E5ACA /* ContactsApplication.app */;
			productType = "com.apple.product-type.application";
		};
		E82020A82A78148E003E5ACA /* ContactsApplicationTests */ = {
			isa = PBXNativeTarget;
			buildConfigurationList = E82020C02A78148E003E5ACA /* Build configuration list for PBXNativeTarget "ContactsApplicationTests" */;
			buildPhases = (
				E82020A52A78148E003E5ACA /* Sources */,
				E82020A62A78148E003E5ACA /* Frameworks */,
				E82020A72A78148E003E5ACA /* Resources */,
			);
			buildRules = (
			);
			dependencies = (
				E82020AB2A78148E003E5ACA /* PBXTargetDependency */,
			);
			name = ContactsApplicationTests;
			productName = ContactsApplicationTests;
			productReference = E82020A92A78148E003E5ACA /* ContactsApplicationTests.xctest */;
			productType = "com.apple.product-type.bundle.unit-test";
		};
		E82020B22A78148E003E5ACA /* ContactsApplicationUITests */ = {
			isa = PBXNativeTarget;
			buildConfigurationList = E82020C32A78148E003E5ACA /* Build configuration list for PBXNativeTarget "ContactsApplicationUITests" */;
			buildPhases = (
				E82020AF2A78148E003E5ACA /* Sources */,
				E82020B02A78148E003E5ACA /* Frameworks */,
				E82020B12A78148E003E5ACA /* Resources */,
			);
			buildRules = (
			);
			dependencies = (
				E82020B52A78148E003E5ACA /* PBXTargetDependency */,
			);
			name = ContactsApplicationUITests;
			productName = ContactsApplicationUITests;
			productReference = E82020B32A78148E003E5ACA /* ContactsApplicationUITests.xctest */;
			productType = "com.apple.product-type.bundle.ui-testing";
		};
/* End PBXNativeTarget section */

/* Begin PBXProject section */
		E820208B2A78148C003E5ACA /* Project object */ = {
			isa = PBXProject;
			attributes = {
				BuildIndependentTargetsInParallel = 1;
				LastSwiftUpdateCheck = 1430;
				LastUpgradeCheck = 1430;
				TargetAttributes = {
					E82020922A78148C003E5ACA = {
						CreatedOnToolsVersion = 14.3.1;
						LastSwiftMigration = 1430;
					};
					E82020A82A78148E003E5ACA = {
						CreatedOnToolsVersion = 14.3.1;
						TestTargetID = E82020922A78148C003E5ACA;
					};
					E82020B22A78148E003E5ACA = {
						CreatedOnToolsVersion = 14.3.1;
						TestTargetID = E82020922A78148C003E5ACA;
					};
				};
			};
			buildConfigurationList = E820208E2A78148C003E5ACA /* Build configuration list for PBXProject "ContactsApplication" */;
			compatibilityVersion = "Xcode 14.0";
			developmentRegion = en;
			hasScannedForEncodings = 0;
			knownRegions = (
				en,
				Base,
			);
			mainGroup = E820208A2A78148C003E5ACA;
			packageReferences = (
				E85D06522A8542BE0044C6C3 /* XCRemoteSwiftPackageReference "RxSwift" */,
			);
			productRefGroup = E82020942A78148C003E5ACA /* Products */;
			projectDirPath = "";
			projectRoot = "";
			targets = (
				E82020922A78148C003E5ACA /* ContactsApplication */,
				E82020A82A78148E003E5ACA /* ContactsApplicationTests */,
				E82020B22A78148E003E5ACA /* ContactsApplicationUITests */,
			);
		};
/* End PBXProject section */

/* Begin PBXResourcesBuildPhase section */
		E82020912A78148C003E5ACA /* Resources */ = {
			isa = PBXResourcesBuildPhase;
			buildActionMask = 2147483647;
			files = (
				E82020A32A78148E003E5ACA /* LaunchScreen.storyboard in Resources */,
				E8FB87CB2A8A959300178AE5 /* rehber.sqlite in Resources */,
				E82020A02A78148E003E5ACA /* Assets.xcassets in Resources */,
				E820209E2A78148C003E5ACA /* Main.storyboard in Resources */,
			);
			runOnlyForDeploymentPostprocessing = 0;
		};
		E82020A72A78148E003E5ACA /* Resources */ = {
			isa = PBXResourcesBuildPhase;
			buildActionMask = 2147483647;
			files = (
			);
			runOnlyForDeploymentPostprocessing = 0;
		};
		E82020B12A78148E003E5ACA /* Resources */ = {
			isa = PBXResourcesBuildPhase;
			buildActionMask = 2147483647;
			files = (
			);
			runOnlyForDeploymentPostprocessing = 0;
		};
/* End PBXResourcesBuildPhase section */

/* Begin PBXSourcesBuildPhase section */
		E820208F2A78148C003E5ACA /* Sources */ = {
			isa = PBXSourcesBuildPhase;
			buildActionMask = 2147483647;
			files = (
				E82020CB2A781B06003E5ACA /* KisiKayit.swift in Sources */,
				E8229B482A7C1036009EDEB1 /* KisilerHucre.swift in Sources */,
				E82020CD2A781B2C003E5ACA /* KisiDetay.swift in Sources */,
				E8FB87C12A8A8BA700178AE5 /* FMDatabase.m in Sources */,
				E820209B2A78148C003E5ACA /* Anasayfa.swift in Sources */,
				E85D06572A8543B00044C6C3 /* KisilerDaoRepository.swift in Sources */,
				E85D065A2A8544090044C6C3 /* AnasayfaViewModel.swift in Sources */,
				E8FB87C22A8A8BA700178AE5 /* FMDatabasePool.m in Sources */,
				E8FB87BF2A8A8BA700178AE5 /* FMResultSet.m in Sources */,
				E8FB87C32A8A8BA700178AE5 /* FMDatabaseQueue.m in Sources */,
				E85D065E2A85444D0044C6C3 /* KisiDetayViewModel.swift in Sources */,
				E8FB87C02A8A8BA700178AE5 /* FMDatabaseAdditions.m in Sources */,
				E82020972A78148C003E5ACA /* AppDelegate.swift in Sources */,
				E82020992A78148C003E5ACA /* SceneDelegate.swift in Sources */,
				E82020CF2A78304F003E5ACA /* Kisiler.swift in Sources */,
				E85D065C2A85443D0044C6C3 /* KisiKayitViewModel.swift in Sources */,
			);
			runOnlyForDeploymentPostprocessing = 0;
		};
		E82020A52A78148E003E5ACA /* Sources */ = {
			isa = PBXSourcesBuildPhase;
			buildActionMask = 2147483647;
			files = (
				E82020AE2A78148E003E5ACA /* ContactsApplicationTests.swift in Sources */,
			);
			runOnlyForDeploymentPostprocessing = 0;
		};
		E82020AF2A78148E003E5ACA /* Sources */ = {
			isa = PBXSourcesBuildPhase;
			buildActionMask = 2147483647;
			files = (
				E82020BA2A78148E003E5ACA /* ContactsApplicationUITestsLaunchTests.swift in Sources */,
				E82020B82A78148E003E5ACA /* ContactsApplicationUITests.swift in Sources */,
			);
			runOnlyForDeploymentPostprocessing = 0;
		};
/* End PBXSourcesBuildPhase section */

/* Begin PBXTargetDependency section */
		E82020AB2A78148E003E5ACA /* PBXTargetDependency */ = {
			isa = PBXTargetDependency;
			target = E82020922A78148C003E5ACA /* ContactsApplication */;
			targetProxy = E82020AA2A78148E003E5ACA /* PBXContainerItemProxy */;
		};
		E82020B52A78148E003E5ACA /* PBXTargetDependency */ = {
			isa = PBXTargetDependency;
			target = E82020922A78148C003E5ACA /* ContactsApplication */;
			targetProxy = E82020B42A78148E003E5ACA /* PBXContainerItemProxy */;
		};
/* End PBXTargetDependency section */

/* Begin PBXVariantGroup section */
		E820209C2A78148C003E5ACA /* Main.storyboard */ = {
			isa = PBXVariantGroup;
			children = (
				E820209D2A78148C003E5ACA /* Base */,
			);
			name = Main.storyboard;
			sourceTree = "<group>";
		};
		E82020A12A78148E003E5ACA /* LaunchScreen.storyboard */ = {
			isa = PBXVariantGroup;
			children = (
				E82020A22A78148E003E5ACA /* Base */,
			);
			name = LaunchScreen.storyboard;
			sourceTree = "<group>";
		};
/* End PBXVariantGroup section */

/* Begin XCBuildConfiguration section */
		E82020BB2A78148E003E5ACA /* Debug */ = {
			isa = XCBuildConfiguration;
			buildSettings = {
				ALWAYS_SEARCH_USER_PATHS = NO;
				CLANG_ANALYZER_NONNULL = YES;
				CLANG_ANALYZER_NUMBER_OBJECT_CONVERSION = YES_AGGRESSIVE;
				CLANG_CXX_LANGUAGE_STANDARD = "gnu++20";
				CLANG_ENABLE_MODULES = YES;
				CLANG_ENABLE_OBJC_ARC = YES;
				CLANG_ENABLE_OBJC_WEAK = YES;
				CLANG_WARN_BLOCK_CAPTURE_AUTORELEASING = YES;
				CLANG_WARN_BOOL_CONVERSION = YES;
				CLANG_WARN_COMMA = YES;
				CLANG_WARN_CONSTANT_CONVERSION = YES;
				CLANG_WARN_DEPRECATED_OBJC_IMPLEMENTATIONS = YES;
				CLANG_WARN_DIRECT_OBJC_ISA_USAGE = YES_ERROR;
				CLANG_WARN_DOCUMENTATION_COMMENTS = YES;
				CLANG_WARN_EMPTY_BODY = YES;
				CLANG_WARN_ENUM_CONVERSION = YES;
				CLANG_WARN_INFINITE_RECURSION = YES;
				CLANG_WARN_INT_CONVERSION = YES;
				CLANG_WARN_NON_LITERAL_NULL_CONVERSION = YES;
				CLANG_WARN_OBJC_IMPLICIT_RETAIN_SELF = YES;
				CLANG_WARN_OBJC_LITERAL_CONVERSION = YES;
				CLANG_WARN_OBJC_ROOT_CLASS = YES_ERROR;
				CLANG_WARN_QUOTED_INCLUDE_IN_FRAMEWORK_HEADER = YES;
				CLANG_WARN_RANGE_LOOP_ANALYSIS = YES;
				CLANG_WARN_STRICT_PROTOTYPES = YES;
				CLANG_WARN_SUSPICIOUS_MOVE = YES;
				CLANG_WARN_UNGUARDED_AVAILABILITY = YES_AGGRESSIVE;
				CLANG_WARN_UNREACHABLE_CODE = YES;
				CLANG_WARN__DUPLICATE_METHOD_MATCH = YES;
				COPY_PHASE_STRIP = NO;
				DEBUG_INFORMATION_FORMAT = dwarf;
				ENABLE_STRICT_OBJC_MSGSEND = YES;
				ENABLE_TESTABILITY = YES;
				GCC_C_LANGUAGE_STANDARD = gnu11;
				GCC_DYNAMIC_NO_PIC = NO;
				GCC_NO_COMMON_BLOCKS = YES;
				GCC_OPTIMIZATION_LEVEL = 0;
				GCC_PREPROCESSOR_DEFINITIONS = (
					"DEBUG=1",
					"$(inherited)",
				);
				GCC_WARN_64_TO_32_BIT_CONVERSION = YES;
				GCC_WARN_ABOUT_RETURN_TYPE = YES_ERROR;
				GCC_WARN_UNDECLARED_SELECTOR = YES;
				GCC_WARN_UNINITIALIZED_AUTOS = YES_AGGRESSIVE;
				GCC_WARN_UNUSED_FUNCTION = YES;
				GCC_WARN_UNUSED_VARIABLE = YES;
				IPHONEOS_DEPLOYMENT_TARGET = 16.4;
				MTL_ENABLE_DEBUG_INFO = INCLUDE_SOURCE;
				MTL_FAST_MATH = YES;
				ONLY_ACTIVE_ARCH = YES;
				SDKROOT = iphoneos;
				SWIFT_ACTIVE_COMPILATION_CONDITIONS = DEBUG;
				SWIFT_OPTIMIZATION_LEVEL = "-Onone";
			};
			name = Debug;
		};
		E82020BC2A78148E003E5ACA /* Release */ = {
			isa = XCBuildConfiguration;
			buildSettings = {
				ALWAYS_SEARCH_USER_PATHS = NO;
				CLANG_ANALYZER_NONNULL = YES;
				CLANG_ANALYZER_NUMBER_OBJECT_CONVERSION = YES_AGGRESSIVE;
				CLANG_CXX_LANGUAGE_STANDARD = "gnu++20";
				CLANG_ENABLE_MODULES = YES;
				CLANG_ENABLE_OBJC_ARC = YES;
				CLANG_ENABLE_OBJC_WEAK = YES;
				CLANG_WARN_BLOCK_CAPTURE_AUTORELEASING = YES;
				CLANG_WARN_BOOL_CONVERSION = YES;
				CLANG_WARN_COMMA = YES;
				CLANG_WARN_CONSTANT_CONVERSION = YES;
				CLANG_WARN_DEPRECATED_OBJC_IMPLEMENTATIONS = YES;
				CLANG_WARN_DIRECT_OBJC_ISA_USAGE = YES_ERROR;
				CLANG_WARN_DOCUMENTATION_COMMENTS = YES;
				CLANG_WARN_EMPTY_BODY = YES;
				CLANG_WARN_ENUM_CONVERSION = YES;
				CLANG_WARN_INFINITE_RECURSION = YES;
				CLANG_WARN_INT_CONVERSION = YES;
				CLANG_WARN_NON_LITERAL_NULL_CONVERSION = YES;
				CLANG_WARN_OBJC_IMPLICIT_RETAIN_SELF = YES;
				CLANG_WARN_OBJC_LITERAL_CONVERSION = YES;
				CLANG_WARN_OBJC_ROOT_CLASS = YES_ERROR;
				CLANG_WARN_QUOTED_INCLUDE_IN_FRAMEWORK_HEADER = YES;
				CLANG_WARN_RANGE_LOOP_ANALYSIS = YES;
				CLANG_WARN_STRICT_PROTOTYPES = YES;
				CLANG_WARN_SUSPICIOUS_MOVE = YES;
				CLANG_WARN_UNGUARDED_AVAILABILITY = YES_AGGRESSIVE;
				CLANG_WARN_UNREACHABLE_CODE = YES;
				CLANG_WARN__DUPLICATE_METHOD_MATCH = YES;
				COPY_PHASE_STRIP = NO;
				DEBUG_INFORMATION_FORMAT = "dwarf-with-dsym";
				ENABLE_NS_ASSERTIONS = NO;
				ENABLE_STRICT_OBJC_MSGSEND = YES;
				GCC_C_LANGUAGE_STANDARD = gnu11;
				GCC_NO_COMMON_BLOCKS = YES;
				GCC_WARN_64_TO_32_BIT_CONVERSION = YES;
				GCC_WARN_ABOUT_RETURN_TYPE = YES_ERROR;
				GCC_WARN_UNDECLARED_SELECTOR = YES;
				GCC_WARN_UNINITIALIZED_AUTOS = YES_AGGRESSIVE;
				GCC_WARN_UNUSED_FUNCTION = YES;
				GCC_WARN_UNUSED_VARIABLE = YES;
				IPHONEOS_DEPLOYMENT_TARGET = 16.4;
				MTL_ENABLE_DEBUG_INFO = NO;
				MTL_FAST_MATH = YES;
				SDKROOT = iphoneos;
				SWIFT_COMPILATION_MODE = wholemodule;
				SWIFT_OPTIMIZATION_LEVEL = "-O";
				VALIDATE_PRODUCT = YES;
			};
			name = Release;
		};
		E82020BE2A78148E003E5ACA /* Debug */ = {
			isa = XCBuildConfiguration;
			buildSettings = {
				ASSETCATALOG_COMPILER_APPICON_NAME = AppIcon;
				ASSETCATALOG_COMPILER_GLOBAL_ACCENT_COLOR_NAME = AccentColor;
				CLANG_ENABLE_MODULES = YES;
				CODE_SIGN_STYLE = Automatic;
				CURRENT_PROJECT_VERSION = 1;
				GENERATE_INFOPLIST_FILE = YES;
				INFOPLIST_FILE = ContactsApplication/Info.plist;
				INFOPLIST_KEY_UIApplicationSupportsIndirectInputEvents = YES;
				INFOPLIST_KEY_UILaunchStoryboardName = LaunchScreen;
				INFOPLIST_KEY_UIMainStoryboardFile = Main;
				INFOPLIST_KEY_UISupportedInterfaceOrientations_iPad = "UIInterfaceOrientationPortrait UIInterfaceOrientationPortraitUpsideDown UIInterfaceOrientationLandscapeLeft UIInterfaceOrientationLandscapeRight";
				INFOPLIST_KEY_UISupportedInterfaceOrientations_iPhone = "UIInterfaceOrientationPortrait UIInterfaceOrientationLandscapeLeft UIInterfaceOrientationLandscapeRight";
				LD_RUNPATH_SEARCH_PATHS = (
					"$(inherited)",
					"@executable_path/Frameworks",
				);
				MARKETING_VERSION = 1.0;
				PRODUCT_BUNDLE_IDENTIFIER = ios.ContactsApplication;
				PRODUCT_NAME = "$(TARGET_NAME)";
				SWIFT_EMIT_LOC_STRINGS = YES;
				SWIFT_OBJC_BRIDGING_HEADER = "ContactsApplication/ContactsApplication-Bridging-Header.h";
				SWIFT_OPTIMIZATION_LEVEL = "-Onone";
				SWIFT_VERSION = 5.0;
				TARGETED_DEVICE_FAMILY = "1,2";
			};
			name = Debug;
		};
		E82020BF2A78148E003E5ACA /* Release */ = {
			isa = XCBuildConfiguration;
			buildSettings = {
				ASSETCATALOG_COMPILER_APPICON_NAME = AppIcon;
				ASSETCATALOG_COMPILER_GLOBAL_ACCENT_COLOR_NAME = AccentColor;
				CLANG_ENABLE_MODULES = YES;
				CODE_SIGN_STYLE = Automatic;
				CURRENT_PROJECT_VERSION = 1;
				GENERATE_INFOPLIST_FILE = YES;
				INFOPLIST_FILE = ContactsApplication/Info.plist;
				INFOPLIST_KEY_UIApplicationSupportsIndirectInputEvents = YES;
				INFOPLIST_KEY_UILaunchStoryboardName = LaunchScreen;
				INFOPLIST_KEY_UIMainStoryboardFile = Main;
				INFOPLIST_KEY_UISupportedInterfaceOrientations_iPad = "UIInterfaceOrientationPortrait UIInterfaceOrientationPortraitUpsideDown UIInterfaceOrientationLandscapeLeft UIInterfaceOrientationLandscapeRight";
				INFOPLIST_KEY_UISupportedInterfaceOrientations_iPhone = "UIInterfaceOrientationPortrait UIInterfaceOrientationLandscapeLeft UIInterfaceOrientationLandscapeRight";
				LD_RUNPATH_SEARCH_PATHS = (
					"$(inherited)",
					"@executable_path/Frameworks",
				);
				MARKETING_VERSION = 1.0;
				PRODUCT_BUNDLE_IDENTIFIER = ios.ContactsApplication;
				PRODUCT_NAME = "$(TARGET_NAME)";
				SWIFT_EMIT_LOC_STRINGS = YES;
				SWIFT_OBJC_BRIDGING_HEADER = "ContactsApplication/ContactsApplication-Bridging-Header.h";
				SWIFT_VERSION = 5.0;
				TARGETED_DEVICE_FAMILY = "1,2";
			};
			name = Release;
		};
		E82020C12A78148E003E5ACA /* Debug */ = {
			isa = XCBuildConfiguration;
			buildSettings = {
				ALWAYS_EMBED_SWIFT_STANDARD_LIBRARIES = YES;
				BUNDLE_LOADER = "$(TEST_HOST)";
				CODE_SIGN_STYLE = Automatic;
				CURRENT_PROJECT_VERSION = 1;
				GENERATE_INFOPLIST_FILE = YES;
				IPHONEOS_DEPLOYMENT_TARGET = 16.4;
				MARKETING_VERSION = 1.0;
				PRODUCT_BUNDLE_IDENTIFIER = ios.ContactsApplicationTests;
				PRODUCT_NAME = "$(TARGET_NAME)";
				SWIFT_EMIT_LOC_STRINGS = NO;
				SWIFT_VERSION = 5.0;
				TARGETED_DEVICE_FAMILY = "1,2";
				TEST_HOST = "$(BUILT_PRODUCTS_DIR)/ContactsApplication.app/$(BUNDLE_EXECUTABLE_FOLDER_PATH)/ContactsApplication";
			};
			name = Debug;
		};
		E82020C22A78148E003E5ACA /* Release */ = {
			isa = XCBuildConfiguration;
			buildSettings = {
				ALWAYS_EMBED_SWIFT_STANDARD_LIBRARIES = YES;
				BUNDLE_LOADER = "$(TEST_HOST)";
				CODE_SIGN_STYLE = Automatic;
				CURRENT_PROJECT_VERSION = 1;
				GENERATE_INFOPLIST_FILE = YES;
				IPHONEOS_DEPLOYMENT_TARGET = 16.4;
				MARKETING_VERSION = 1.0;
				PRODUCT_BUNDLE_IDENTIFIER = ios.ContactsApplicationTests;
				PRODUCT_NAME = "$(TARGET_NAME)";
				SWIFT_EMIT_LOC_STRINGS = NO;
				SWIFT_VERSION = 5.0;
				TARGETED_DEVICE_FAMILY = "1,2";
				TEST_HOST = "$(BUILT_PRODUCTS_DIR)/ContactsApplication.app/$(BUNDLE_EXECUTABLE_FOLDER_PATH)/ContactsApplication";
			};
			name = Release;
		};
		E82020C42A78148E003E5ACA /* Debug */ = {
			isa = XCBuildConfiguration;
			buildSettings = {
				ALWAYS_EMBED_SWIFT_STANDARD_LIBRARIES = YES;
				CODE_SIGN_STYLE = Automatic;
				CURRENT_PROJECT_VERSION = 1;
				GENERATE_INFOPLIST_FILE = YES;
				MARKETING_VERSION = 1.0;
				PRODUCT_BUNDLE_IDENTIFIER = ios.ContactsApplicationUITests;
				PRODUCT_NAME = "$(TARGET_NAME)";
				SWIFT_EMIT_LOC_STRINGS = NO;
				SWIFT_VERSION = 5.0;
				TARGETED_DEVICE_FAMILY = "1,2";
				TEST_TARGET_NAME = ContactsApplication;
			};
			name = Debug;
		};
		E82020C52A78148E003E5ACA /* Release */ = {
			isa = XCBuildConfiguration;
			buildSettings = {
				ALWAYS_EMBED_SWIFT_STANDARD_LIBRARIES = YES;
				CODE_SIGN_STYLE = Automatic;
				CURRENT_PROJECT_VERSION = 1;
				GENERATE_INFOPLIST_FILE = YES;
				MARKETING_VERSION = 1.0;
				PRODUCT_BUNDLE_IDENTIFIER = ios.ContactsApplicationUITests;
				PRODUCT_NAME = "$(TARGET_NAME)";
				SWIFT_EMIT_LOC_STRINGS = NO;
				SWIFT_VERSION = 5.0;
				TARGETED_DEVICE_FAMILY = "1,2";
				TEST_TARGET_NAME = ContactsApplication;
			};
			name = Release;
		};
/* End XCBuildConfiguration section */

/* Begin XCConfigurationList section */
		E820208E2A78148C003E5ACA /* Build configuration list for PBXProject "ContactsApplication" */ = {
			isa = XCConfigurationList;
			buildConfigurations = (
				E82020BB2A78148E003E5ACA /* Debug */,
				E82020BC2A78148E003E5ACA /* Release */,
			);
			defaultConfigurationIsVisible = 0;
			defaultConfigurationName = Release;
		};
		E82020BD2A78148E003E5ACA /* Build configuration list for PBXNativeTarget "ContactsApplication" */ = {
			isa = XCConfigurationList;
			buildConfigurations = (
				E82020BE2A78148E003E5ACA /* Debug */,
				E82020BF2A78148E003E5ACA /* Release */,
			);
			defaultConfigurationIsVisible = 0;
			defaultConfigurationName = Release;
		};
		E82020C02A78148E003E5ACA /* Build configuration list for PBXNativeTarget "ContactsApplicationTests" */ = {
			isa = XCConfigurationList;
			buildConfigurations = (
				E82020C12A78148E003E5ACA /* Debug */,
				E82020C22A78148E003E5ACA /* Release */,
			);
			defaultConfigurationIsVisible = 0;
			defaultConfigurationName = Release;
		};
		E82020C32A78148E003E5ACA /* Build configuration list for PBXNativeTarget "ContactsApplicationUITests" */ = {
			isa = XCConfigurationList;
			buildConfigurations = (
				E82020C42A78148E003E5ACA /* Debug */,
				E82020C52A78148E003E5ACA /* Release */,
			);
			defaultConfigurationIsVisible = 0;
			defaultConfigurationName = Release;
		};
/* End XCConfigurationList section */

/* Begin XCRemoteSwiftPackageReference section */
		E85D06522A8542BE0044C6C3 /* XCRemoteSwiftPackageReference "RxSwift" */ = {
			isa = XCRemoteSwiftPackageReference;
			repositoryURL = "https://github.com/ReactiveX/RxSwift.git";
			requirement = {
				kind = upToNextMajorVersion;
				minimumVersion = 6.0.0;
			};
		};
/* End XCRemoteSwiftPackageReference section */

/* Begin XCSwiftPackageProductDependency section */
		E85D06532A8542BE0044C6C3 /* RxSwift */ = {
			isa = XCSwiftPackageProductDependency;
			package = E85D06522A8542BE0044C6C3 /* XCRemoteSwiftPackageReference "RxSwift" */;
			productName = RxSwift;
		};
/* End XCSwiftPackageProductDependency section */
	};
	rootObject = E820208B2A78148C003E5ACA /* Project object */;
}
